
Microsoft Visual Studio Solution File, Format Version 12.00
# Visual Studio Version 17
VisualStudioVersion = 17.0.31903.59
MinimumVisualStudioVersion = 10.0.40219.1
Project("{FAE04EC0-301F-11D3-BF4B-00C04F79EFBC}") = "KontrolSystemParsing", "Parsing\KontrolSystemParsing.csproj", "{23607599-6E75-40E3-912E-A99302E8B5B5}"
EndProject
Project("{FAE04EC0-301F-11D3-BF4B-00C04F79EFBC}") = "KontrolSystemParsing-Test", "Parsing-Test\KontrolSystemParsing-Test.csproj", "{49C9D9BF-AFCE-4315-B4F0-80617166788F}"
EndProject
Project("{FAE04EC0-301F-11D3-BF4B-00C04F79EFBC}") = "KontrolSystemTO2", "TO2\KontrolSystemTO2.csproj", "{7C702F43-13D4-49B3-B8FA-E6AC0AF55871}"
EndProject
Global
	GlobalSection(SolutionConfigurationPlatforms) = preSolution
		Debug|Any CPU = Debug|Any CPU
		Release|Any CPU = Release|Any CPU
	EndGlobalSection
	GlobalSection(SolutionProperties) = preSolution
		HideSolutionNode = FALSE
	EndGlobalSection
	GlobalSection(ProjectConfigurationPlatforms) = postSolution
		{23607599-6E75-40E3-912E-A99302E8B5B5}.Debug|Any CPU.ActiveCfg = Debug|Any CPU
		{23607599-6E75-40E3-912E-A99302E8B5B5}.Debug|Any CPU.Build.0 = Debug|Any CPU
		{23607599-6E75-40E3-912E-A99302E8B5B5}.Release|Any CPU.ActiveCfg = Release|Any CPU
		{23607599-6E75-40E3-912E-A99302E8B5B5}.Release|Any CPU.Build.0 = Release|Any CPU
		{49C9D9BF-AFCE-4315-B4F0-80617166788F}.Debug|Any CPU.ActiveCfg = Debug|Any CPU
		{49C9D9BF-AFCE-4315-B4F0-80617166788F}.Debug|Any CPU.Build.0 = Debug|Any CPU
		{49C9D9BF-AFCE-4315-B4F0-80617166788F}.Release|Any CPU.ActiveCfg = Release|Any CPU
		{49C9D9BF-AFCE-4315-B4F0-80617166788F}.Release|Any CPU.Build.0 = Release|Any CPU
		{7C702F43-13D4-49B3-B8FA-E6AC0AF55871}.Debug|Any CPU.ActiveCfg = Debug|Any CPU
		{7C702F43-13D4-49B3-B8FA-E6AC0AF55871}.Debug|Any CPU.Build.0 = Debug|Any CPU
		{7C702F43-13D4-49B3-B8FA-E6AC0AF55871}.Release|Any CPU.ActiveCfg = Release|Any CPU
		{7C702F43-13D4-49B3-B8FA-E6AC0AF55871}.Release|Any CPU.Build.0 = Release|Any CPU
	EndGlobalSection
EndGlobal
