
Microsoft Visual Studio Solution File, Format Version 12.00
# Visual Studio Version 17
VisualStudioVersion = 17.0.31903.59
MinimumVisualStudioVersion = 10.0.40219.1
Project("{FAE04EC0-301F-11D3-BF4B-00C04F79EFBC}") = "KontrolSystemParsing", "Parsing\KontrolSystemParsing.csproj", "{23607599-6E75-40E3-912E-A99302E8B5B5}"
EndProject
Project("{FAE04EC0-301F-11D3-BF4B-00C04F79EFBC}") = "KontrolSystemParsing-Test", "Parsing-Test\KontrolSystemParsing-Test.csproj", "{49C9D9BF-AFCE-4315-B4F0-80617166788F}"
EndProject
Project("{FAE04EC0-301F-11D3-BF4B-00C04F79EFBC}") = "KontrolSystemTO2", "TO2\KontrolSystemTO2.csproj", "{7C702F43-13D4-49B3-B8FA-E6AC0AF55871}"
EndProject
Project("{FAE04EC0-301F-11D3-BF4B-00C04F79EFBC}") = "KontrolSystemTO2-Test", "TO2-Test\KontrolSystemTO2-Test.csproj", "{173F90D8-3F42-43D3-815C-3DE879533D1D}"
EndProject
Project("{FAE04EC0-301F-11D3-BF4B-00C04F79EFBC}") = "KSP2Runtime", "KSP2Runtime\KSP2Runtime.csproj", "{941CBBEE-0942-41D9-B151-53D667DDB66E}"
EndProject
Project("{FAE04EC0-301F-11D3-BF4B-00C04F79EFBC}") = "KSP2Runtime-Test", "KSP2Runtime-Test\KSP2Runtime-Test.csproj", "{5A9FF5A1-E590-4927-B3C3-136D1B9D4FF1}"
EndProject
Project("{FAE04EC0-301F-11D3-BF4B-00C04F79EFBC}") = "SpaceWarpMod", "SpaceWarpMod\SpaceWarpMod.csproj", "{A8E949EB-E3F1-4A44-9A7A-3FB337919381}"
EndProject
Project("{2150E333-8FDC-42A3-9474-1A3956D46DE8}") = "Tools", "Tools", "{9D536274-4CC9-44E2-8CD0-89AF77A6D3B9}"
EndProject
Project("{FAE04EC0-301F-11D3-BF4B-00C04F79EFBC}") = "GenDocs", "Tools\GenDocs\GenDocs.csproj", "{95ADAF75-6170-4431-ADEC-203A2521BA2F}"
EndProject
Project("{FAE04EC0-301F-11D3-BF4B-00C04F79EFBC}") = "GenRefs", "Tools\GenRefs\GenRefs.csproj", "{66310F0D-0A80-4598-A314-EA1507D3C8F9}"
EndProject
Global
	GlobalSection(SolutionConfigurationPlatforms) = preSolution
		Debug|Any CPU = Debug|Any CPU
		Release|Any CPU = Release|Any CPU
	EndGlobalSection
	GlobalSection(SolutionProperties) = preSolution
		HideSolutionNode = FALSE
	EndGlobalSection
	GlobalSection(ProjectConfigurationPlatforms) = postSolution
		{23607599-6E75-40E3-912E-A99302E8B5B5}.Debug|Any CPU.ActiveCfg = Debug|Any CPU
		{23607599-6E75-40E3-912E-A99302E8B5B5}.Debug|Any CPU.Build.0 = Debug|Any CPU
		{23607599-6E75-40E3-912E-A99302E8B5B5}.Release|Any CPU.ActiveCfg = Release|Any CPU
		{23607599-6E75-40E3-912E-A99302E8B5B5}.Release|Any CPU.Build.0 = Release|Any CPU
		{49C9D9BF-AFCE-4315-B4F0-80617166788F}.Debug|Any CPU.ActiveCfg = Debug|Any CPU
		{49C9D9BF-AFCE-4315-B4F0-80617166788F}.Debug|Any CPU.Build.0 = Debug|Any CPU
		{49C9D9BF-AFCE-4315-B4F0-80617166788F}.Release|Any CPU.ActiveCfg = Release|Any CPU
		{49C9D9BF-AFCE-4315-B4F0-80617166788F}.Release|Any CPU.Build.0 = Release|Any CPU
		{7C702F43-13D4-49B3-B8FA-E6AC0AF55871}.Debug|Any CPU.ActiveCfg = Debug|Any CPU
		{7C702F43-13D4-49B3-B8FA-E6AC0AF55871}.Debug|Any CPU.Build.0 = Debug|Any CPU
		{7C702F43-13D4-49B3-B8FA-E6AC0AF55871}.Release|Any CPU.ActiveCfg = Release|Any CPU
		{7C702F43-13D4-49B3-B8FA-E6AC0AF55871}.Release|Any CPU.Build.0 = Release|Any CPU
		{173F90D8-3F42-43D3-815C-3DE879533D1D}.Debug|Any CPU.ActiveCfg = Debug|Any CPU
		{173F90D8-3F42-43D3-815C-3DE879533D1D}.Debug|Any CPU.Build.0 = Debug|Any CPU
		{173F90D8-3F42-43D3-815C-3DE879533D1D}.Release|Any CPU.ActiveCfg = Release|Any CPU
		{173F90D8-3F42-43D3-815C-3DE879533D1D}.Release|Any CPU.Build.0 = Release|Any CPU
		{941CBBEE-0942-41D9-B151-53D667DDB66E}.Debug|Any CPU.ActiveCfg = Debug|Any CPU
		{941CBBEE-0942-41D9-B151-53D667DDB66E}.Debug|Any CPU.Build.0 = Debug|Any CPU
		{941CBBEE-0942-41D9-B151-53D667DDB66E}.Release|Any CPU.ActiveCfg = Release|Any CPU
		{941CBBEE-0942-41D9-B151-53D667DDB66E}.Release|Any CPU.Build.0 = Release|Any CPU
		{5A9FF5A1-E590-4927-B3C3-136D1B9D4FF1}.Debug|Any CPU.ActiveCfg = Debug|Any CPU
		{5A9FF5A1-E590-4927-B3C3-136D1B9D4FF1}.Debug|Any CPU.Build.0 = Debug|Any CPU
		{5A9FF5A1-E590-4927-B3C3-136D1B9D4FF1}.Release|Any CPU.ActiveCfg = Release|Any CPU
		{5A9FF5A1-E590-4927-B3C3-136D1B9D4FF1}.Release|Any CPU.Build.0 = Release|Any CPU
		{A8E949EB-E3F1-4A44-9A7A-3FB337919381}.Debug|Any CPU.ActiveCfg = Debug|Any CPU
		{A8E949EB-E3F1-4A44-9A7A-3FB337919381}.Debug|Any CPU.Build.0 = Debug|Any CPU
		{A8E949EB-E3F1-4A44-9A7A-3FB337919381}.Release|Any CPU.ActiveCfg = Release|Any CPU
		{A8E949EB-E3F1-4A44-9A7A-3FB337919381}.Release|Any CPU.Build.0 = Release|Any CPU
		{95ADAF75-6170-4431-ADEC-203A2521BA2F}.Debug|Any CPU.ActiveCfg = Debug|Any CPU
		{95ADAF75-6170-4431-ADEC-203A2521BA2F}.Debug|Any CPU.Build.0 = Debug|Any CPU
		{95ADAF75-6170-4431-ADEC-203A2521BA2F}.Release|Any CPU.ActiveCfg = Release|Any CPU
		{95ADAF75-6170-4431-ADEC-203A2521BA2F}.Release|Any CPU.Build.0 = Release|Any CPU
		{66310F0D-0A80-4598-A314-EA1507D3C8F9}.Debug|Any CPU.ActiveCfg = Debug|Any CPU
		{66310F0D-0A80-4598-A314-EA1507D3C8F9}.Debug|Any CPU.Build.0 = Debug|Any CPU
		{66310F0D-0A80-4598-A314-EA1507D3C8F9}.Release|Any CPU.ActiveCfg = Release|Any CPU
		{66310F0D-0A80-4598-A314-EA1507D3C8F9}.Release|Any CPU.Build.0 = Release|Any CPU
	EndGlobalSection
	GlobalSection(NestedProjects) = preSolution
		{95ADAF75-6170-4431-ADEC-203A2521BA2F} = {9D536274-4CC9-44E2-8CD0-89AF77A6D3B9}
		{66310F0D-0A80-4598-A314-EA1507D3C8F9} = {9D536274-4CC9-44E2-8CD0-89AF77A6D3B9}
	EndGlobalSection
EndGlobal
